
Microsoft Visual Studio Solution File, Format Version 12.00
# Visual Studio Version 17
VisualStudioVersion = 17.2.32526.322
MinimumVisualStudioVersion = 10.0.40219.1
Project("{2150E333-8FDC-42A3-9474-1A3956D46DE8}") = "01. Clients", "01. Clients", "{C41242B1-F171-4591-BBBB-11E11A5DE9B4}"
EndProject
Project("{2150E333-8FDC-42A3-9474-1A3956D46DE8}") = "02. Api.Gateways", "02. Api.Gateways", "{0CB49704-16C8-40BA-98FE-94B4E94B3D28}"
EndProject
Project("{2150E333-8FDC-42A3-9474-1A3956D46DE8}") = "03. Services", "03. Services", "{BAD1D4C7-7B53-4182-B892-BC420078C177}"
EndProject
Project("{2150E333-8FDC-42A3-9474-1A3956D46DE8}") = "01. Identity", "01. Identity", "{7388D390-6E97-4F0B-A68D-7D230D5ED78B}"
EndProject
Project("{2150E333-8FDC-42A3-9474-1A3956D46DE8}") = "02. Catalog", "02. Catalog", "{B94566BA-E99B-4F75-AC30-69B977C40FE7}"
EndProject
Project("{2150E333-8FDC-42A3-9474-1A3956D46DE8}") = "03. Customer", "03. Customer", "{11F68994-2A89-4346-A0B3-E0FAEA0AB8F1}"
EndProject
Project("{2150E333-8FDC-42A3-9474-1A3956D46DE8}") = "04. Order", "04. Order", "{A9308D47-5F9D-4FF0-8111-75DBABBE6926}"
EndProject
Project("{FAE04EC0-301F-11D3-BF4B-00C04F79EFBC}") = "Catalog.Api", "Services\Catalog\Catalog.Api\Catalog.Api.csproj", "{4EA72EBD-1DDB-4039-BD4E-1ACC38DBBEF1}"
EndProject
Project("{2150E333-8FDC-42A3-9474-1A3956D46DE8}") = "01. API", "01. API", "{62B253BB-7EEB-485B-80C9-A8287BD9C8FE}"
EndProject
Project("{2150E333-8FDC-42A3-9474-1A3956D46DE8}") = "02. Services", "02. Services", "{1FD1AFB8-B1D8-406F-B9DA-FA67012D086A}"
EndProject
Project("{2150E333-8FDC-42A3-9474-1A3956D46DE8}") = "06. Persistence", "06. Persistence", "{5F76EDA4-BD1F-4011-ACDC-4046FE0E6990}"
EndProject
Project("{2150E333-8FDC-42A3-9474-1A3956D46DE8}") = "04. Models", "04. Models", "{B190D923-C81A-4A0A-BF62-606E784A14E6}"
EndProject
Project("{9A19103F-16F7-4668-BE54-9A1E7A4F7556}") = "Catalog.Domain", "Services\Catalog\Catalog.Domain\Catalog.Domain.csproj", "{932F465F-4DA5-4C2E-83AE-B3B1CBF03584}"
EndProject
Project("{9A19103F-16F7-4668-BE54-9A1E7A4F7556}") = "Catalog.Persistence.Database", "Services\Catalog\Catalog.Persistence.Database\Catalog.Persistence.Database.csproj", "{5079AD4E-D4C7-4F79-9120-CE1FC2B8D87E}"
EndProject
Project("{2150E333-8FDC-42A3-9474-1A3956D46DE8}") = "99. Documentation", "99. Documentation", "{8BBCA22D-B64F-4483-AE11-D335246F670D}"
	ProjectSection(SolutionItems) = preProject
		..\README.md = ..\README.md
	EndProjectSection
EndProject
Project("{9A19103F-16F7-4668-BE54-9A1E7A4F7556}") = "Catalog.Service.Queries", "Services\Catalog\Catalog.Service.Queries\Catalog.Service.Queries.csproj", "{C60D4526-F5F9-4F7D-8C1A-6B66595BB438}"
EndProject
Project("{2150E333-8FDC-42A3-9474-1A3956D46DE8}") = "Common", "Common", "{BC84A1F7-9A8D-4153-985A-BA80A1F081AB}"
EndProject
Project("{9A19103F-16F7-4668-BE54-9A1E7A4F7556}") = "Service.Common.Collection", "Services\Common\Service.Common.Collection\Service.Common.Collection.csproj", "{D1440C8F-0B79-4562-A586-04BD243E3084}"
EndProject
Project("{9A19103F-16F7-4668-BE54-9A1E7A4F7556}") = "Service.Common.Mapping", "Services\Common\Service.Common.Mapping\Service.Common.Mapping.csproj", "{BCAA0A20-7A4C-4CF1-8F40-4126F8EC1DD7}"
EndProject
Project("{9A19103F-16F7-4668-BE54-9A1E7A4F7556}") = "Service.Common.Paging", "Services\Common\Service.Common.Paging\Service.Common.Paging.csproj", "{D7AB4AE3-3D02-40E8-9D52-A9CAFADFBE7D}"
EndProject
Project("{9A19103F-16F7-4668-BE54-9A1E7A4F7556}") = "Catalog.Service.EventHandlers", "Services\Catalog\Catalog.Service.EventHandlers\Catalog.Service.EventHandlers.csproj", "{DD0B5D0D-7074-468C-BEB5-435E1C644625}"
EndProject
Project("{2150E333-8FDC-42A3-9474-1A3956D46DE8}") = "05. Common", "05. Common", "{82F55772-EC5E-45E2-A448-3EC7C1ADF84C}"
EndProject
Project("{FAE04EC0-301F-11D3-BF4B-00C04F79EFBC}") = "Catalog.Common.Enums", "Services\Catalog\Catalog.Common.Enums\Catalog.Common.Enums.csproj", "{FF1EDA48-9F97-4BC3-B2BB-10377A2806D7}"
EndProject
Project("{2150E333-8FDC-42A3-9474-1A3956D46DE8}") = "04. Common", "04. Common", "{DDC25DE7-685A-467A-A435-F910927AC004}"
EndProject
Project("{FAE04EC0-301F-11D3-BF4B-00C04F79EFBC}") = "Common.Logging", "Common\Common.Logging\Common.Logging.csproj", "{2D251760-79A5-4469-90FE-6F63E0518EE3}"
EndProject
Project("{2150E333-8FDC-42A3-9474-1A3956D46DE8}") = "07. Testing", "07. Testing", "{B19C4314-8742-4D5A-83AA-DFFDAEDE56F1}"
EndProject
Project("{FAE04EC0-301F-11D3-BF4B-00C04F79EFBC}") = "Catalog.Tests", "Services\Catalog\Catalog.Tests\Catalog.Tests.csproj", "{D8F4E905-4155-471A-B631-5184E7AF6B69}"
EndProject
Project("{2150E333-8FDC-42A3-9474-1A3956D46DE8}") = "01. API", "01. API", "{9FEAB973-54CC-461D-8324-BC66ACEB2D35}"
EndProject
Project("{2150E333-8FDC-42A3-9474-1A3956D46DE8}") = "02. Services", "02. Services", "{C7C0AC69-935D-4FD2-AD54-C56AA732C6E6}"
EndProject
Project("{2150E333-8FDC-42A3-9474-1A3956D46DE8}") = "03. Persistence", "03. Persistence", "{00280A69-C0CC-45B2-8759-5BBC8227C79D}"
EndProject
Project("{2150E333-8FDC-42A3-9474-1A3956D46DE8}") = "04. Models", "04. Models", "{15ADDE58-9C95-4DB7-8333-3BF60C601F15}"
EndProject
Project("{2150E333-8FDC-42A3-9474-1A3956D46DE8}") = "05. Common", "05. Common", "{2FBFCAE3-9B9F-4102-AC7D-4AC38CF723D1}"
EndProject
Project("{2150E333-8FDC-42A3-9474-1A3956D46DE8}") = "06. Testing", "06. Testing", "{F1D5A9DF-B63C-40BE-A941-25C3783D75FB}"
EndProject
Project("{FAE04EC0-301F-11D3-BF4B-00C04F79EFBC}") = "Customer.Domain", "Services\Customer\Customer.Domain\Customer.Domain.csproj", "{AD07AEE9-26B7-44BF-85D8-CAD8C2AC45F2}"
EndProject
Project("{FAE04EC0-301F-11D3-BF4B-00C04F79EFBC}") = "Customer.API", "Services\Customer\Customer.API\Customer.API.csproj", "{587CA803-5464-4A56-9195-EA08DB3E7284}"
EndProject
Project("{FAE04EC0-301F-11D3-BF4B-00C04F79EFBC}") = "Customer.Persistance.Database", "Services\Customer\Customer.Persistance.Database\Customer.Persistance.Database.csproj", "{8CB9FCE7-F040-4D09-ABEB-03C81AFCBE76}"
EndProject
Project("{FAE04EC0-301F-11D3-BF4B-00C04F79EFBC}") = "Customer.Service.Queries", "Services\Customer\Customer.Service.Queries\Customer.Service.Queries.csproj", "{3998F0A9-B1DB-4A91-8358-C24C3EF3C975}"
EndProject
Project("{FAE04EC0-301F-11D3-BF4B-00C04F79EFBC}") = "Customer.Service.EventHandlers", "Services\Customer\Customer.Service.EventHandlers\Customer.Service.EventHandlers.csproj", "{F06228EB-FCA4-442F-85F9-BD1BFA7A5F52}"
EndProject
Project("{FAE04EC0-301F-11D3-BF4B-00C04F79EFBC}") = "Customer.Tests", "Services\Customer\Customer.Tests\Customer.Tests.csproj", "{FDD8D408-38DC-4219-94B6-EDB09C0F38FD}"
EndProject
Project("{2150E333-8FDC-42A3-9474-1A3956D46DE8}") = "01. API", "01. API", "{781FEB5E-43A0-40DA-8578-8E6B00110A4B}"
EndProject
Project("{2150E333-8FDC-42A3-9474-1A3956D46DE8}") = "02. Services", "02. Services", "{A3975FBA-E088-48C2-961D-6145F296FBB9}"
EndProject
Project("{2150E333-8FDC-42A3-9474-1A3956D46DE8}") = "03. Persistence", "03. Persistence", "{74554CFD-08EE-4380-BFB7-E8449D095988}"
EndProject
Project("{2150E333-8FDC-42A3-9474-1A3956D46DE8}") = "04. Models", "04. Models", "{7D573236-B585-4C81-8A83-25A3A99CED25}"
EndProject
Project("{2150E333-8FDC-42A3-9474-1A3956D46DE8}") = "05. Common", "05. Common", "{D700125B-ACA7-461B-894D-58AD07684D39}"
EndProject
Project("{2150E333-8FDC-42A3-9474-1A3956D46DE8}") = "06. Testing", "06. Testing", "{DE7635D6-25CA-4C6F-AEAF-7C004F5A0DC0}"
EndProject
Project("{FAE04EC0-301F-11D3-BF4B-00C04F79EFBC}") = "Order.Domain", "Services\Order\Order.Domain\Order.Domain.csproj", "{14144C0D-7B2C-4266-9D1B-A12B00B34F3A}"
EndProject
Project("{FAE04EC0-301F-11D3-BF4B-00C04F79EFBC}") = "Order.Common.Enums", "Services\Order\Order.Common.Enums\Order.Common.Enums.csproj", "{4621D527-46C0-4EF4-AB17-2107D1E4D96F}"
EndProject
Project("{FAE04EC0-301F-11D3-BF4B-00C04F79EFBC}") = "Order.Api", "Services\Order\Order.Api\Order.Api.csproj", "{25288797-8A80-4B16-B98C-87A1EAE36BF2}"
EndProject
Project("{FAE04EC0-301F-11D3-BF4B-00C04F79EFBC}") = "Order.Persistence.Database", "Services\Order\Order.Persistence.Database\Order.Persistence.Database.csproj", "{76EEDEEC-4D30-4230-A20F-6EA26EBF97C0}"
EndProject
Project("{FAE04EC0-301F-11D3-BF4B-00C04F79EFBC}") = "Order.Service.Queries", "Services\Order\Order.Service.Queries\Order.Service.Queries.csproj", "{D653BCCA-2A71-4C93-89F8-19F1FEBBDA7C}"
EndProject
Project("{FAE04EC0-301F-11D3-BF4B-00C04F79EFBC}") = "Common.Helpers", "Common\Common.Helpers\Common.Helpers.csproj", "{86E71881-7C1D-4A78-B612-39E27878528B}"
EndProject
Project("{FAE04EC0-301F-11D3-BF4B-00C04F79EFBC}") = "Order.Services.EventHandlers", "Services\Order\Order.Services.EventHandlers\Order.Services.EventHandlers.csproj", "{64FF7F22-547D-428C-9BBD-8A7F0F040A5C}"
EndProject
Project("{FAE04EC0-301F-11D3-BF4B-00C04F79EFBC}") = "Order.Service.Proxy", "Services\Order\Order.Service.Proxy\Order.Service.Proxy.csproj", "{40F996A0-0647-4D94-933E-83DC78A6D9B9}"
EndProject
Project("{2150E333-8FDC-42A3-9474-1A3956D46DE8}") = "03. Listeners", "03. Listeners", "{A9CBF832-5ED2-4408-AC7F-691B10497B87}"
EndProject
Project("{FAE04EC0-301F-11D3-BF4B-00C04F79EFBC}") = "Catalog.Listener", "Services\Catalog\Catalog.Listener\Catalog.Listener.csproj", "{D69F0EB6-659D-430D-B33E-356F5F4F5E5C}"
EndProject
Project("{FAE04EC0-301F-11D3-BF4B-00C04F79EFBC}") = "Catalog.Service.Proxy", "Services\Catalog\Catalog.Service.Proxy\Catalog.Service.Proxy.csproj", "{DE149AE5-215E-4C0D-A0DD-7F155DD92959}"
EndProject
Project("{2150E333-8FDC-42A3-9474-1A3956D46DE8}") = "01. API", "01. API", "{50D9C446-4B13-44D5-B7B5-98A0D9D92141}"
EndProject
Project("{2150E333-8FDC-42A3-9474-1A3956D46DE8}") = "02. Services", "02. Services", "{A829F5A7-2564-410B-8B69-797B652D5FF9}"
EndProject
Project("{2150E333-8FDC-42A3-9474-1A3956D46DE8}") = "03. Persistence", "03. Persistence", "{397A002C-48B4-4B73-AAEE-747E1C71DF2E}"
EndProject
Project("{2150E333-8FDC-42A3-9474-1A3956D46DE8}") = "05. Testing", "05. Testing", "{866C7D60-30F8-4CA5-B21B-900F05D86CDA}"
EndProject
Project("{2150E333-8FDC-42A3-9474-1A3956D46DE8}") = "04. Models", "04. Models", "{94DDEBC4-DF24-4264-92DE-18118C0C3440}"
EndProject
Project("{FAE04EC0-301F-11D3-BF4B-00C04F79EFBC}") = "Identity.Domain", "Services\Identity\Identity.Domain\Identity.Domain.csproj", "{9D1008BD-8292-42DC-B39B-AEA871E76EBE}"
EndProject
Project("{FAE04EC0-301F-11D3-BF4B-00C04F79EFBC}") = "Identity.Persistence.Database", "Services\Identity\Identity.Persistence.Database\Identity.Persistence.Database.csproj", "{0FAA1B71-2A1E-4A74-B323-159C8302CAB4}"
EndProject
Project("{FAE04EC0-301F-11D3-BF4B-00C04F79EFBC}") = "Identity.Api", "Services\Identity\Identity.Api\Identity.Api.csproj", "{1E54D11B-99D4-4E2C-963B-750283E1CF10}"
EndProject
Project("{FAE04EC0-301F-11D3-BF4B-00C04F79EFBC}") = "Identity.Service.EventHandlers", "Services\Identity\Identity.Service.EventHandlers\Identity.Service.EventHandlers.csproj", "{6DADEE73-E34F-44C3-9D32-3D609B2F23B5}"
EndProject
Project("{FAE04EC0-301F-11D3-BF4B-00C04F79EFBC}") = "Identity.Service.Queries", "Services\Identity\Identity.Service.Queries\Identity.Service.Queries.csproj", "{ABEE22C1-7C08-4F67-81F8-DB38A0416964}"
EndProject
Global
	GlobalSection(SolutionConfigurationPlatforms) = preSolution
		Debug|Any CPU = Debug|Any CPU
		Release|Any CPU = Release|Any CPU
	EndGlobalSection
	GlobalSection(ProjectConfigurationPlatforms) = postSolution
		{4EA72EBD-1DDB-4039-BD4E-1ACC38DBBEF1}.Debug|Any CPU.ActiveCfg = Debug|Any CPU
		{4EA72EBD-1DDB-4039-BD4E-1ACC38DBBEF1}.Debug|Any CPU.Build.0 = Debug|Any CPU
		{4EA72EBD-1DDB-4039-BD4E-1ACC38DBBEF1}.Release|Any CPU.ActiveCfg = Release|Any CPU
		{4EA72EBD-1DDB-4039-BD4E-1ACC38DBBEF1}.Release|Any CPU.Build.0 = Release|Any CPU
		{932F465F-4DA5-4C2E-83AE-B3B1CBF03584}.Debug|Any CPU.ActiveCfg = Debug|Any CPU
		{932F465F-4DA5-4C2E-83AE-B3B1CBF03584}.Debug|Any CPU.Build.0 = Debug|Any CPU
		{932F465F-4DA5-4C2E-83AE-B3B1CBF03584}.Release|Any CPU.ActiveCfg = Release|Any CPU
		{932F465F-4DA5-4C2E-83AE-B3B1CBF03584}.Release|Any CPU.Build.0 = Release|Any CPU
		{5079AD4E-D4C7-4F79-9120-CE1FC2B8D87E}.Debug|Any CPU.ActiveCfg = Debug|Any CPU
		{5079AD4E-D4C7-4F79-9120-CE1FC2B8D87E}.Debug|Any CPU.Build.0 = Debug|Any CPU
		{5079AD4E-D4C7-4F79-9120-CE1FC2B8D87E}.Release|Any CPU.ActiveCfg = Release|Any CPU
		{5079AD4E-D4C7-4F79-9120-CE1FC2B8D87E}.Release|Any CPU.Build.0 = Release|Any CPU
		{C60D4526-F5F9-4F7D-8C1A-6B66595BB438}.Debug|Any CPU.ActiveCfg = Debug|Any CPU
		{C60D4526-F5F9-4F7D-8C1A-6B66595BB438}.Debug|Any CPU.Build.0 = Debug|Any CPU
		{C60D4526-F5F9-4F7D-8C1A-6B66595BB438}.Release|Any CPU.ActiveCfg = Release|Any CPU
		{C60D4526-F5F9-4F7D-8C1A-6B66595BB438}.Release|Any CPU.Build.0 = Release|Any CPU
		{D1440C8F-0B79-4562-A586-04BD243E3084}.Debug|Any CPU.ActiveCfg = Debug|Any CPU
		{D1440C8F-0B79-4562-A586-04BD243E3084}.Debug|Any CPU.Build.0 = Debug|Any CPU
		{D1440C8F-0B79-4562-A586-04BD243E3084}.Release|Any CPU.ActiveCfg = Release|Any CPU
		{D1440C8F-0B79-4562-A586-04BD243E3084}.Release|Any CPU.Build.0 = Release|Any CPU
		{BCAA0A20-7A4C-4CF1-8F40-4126F8EC1DD7}.Debug|Any CPU.ActiveCfg = Debug|Any CPU
		{BCAA0A20-7A4C-4CF1-8F40-4126F8EC1DD7}.Debug|Any CPU.Build.0 = Debug|Any CPU
		{BCAA0A20-7A4C-4CF1-8F40-4126F8EC1DD7}.Release|Any CPU.ActiveCfg = Release|Any CPU
		{BCAA0A20-7A4C-4CF1-8F40-4126F8EC1DD7}.Release|Any CPU.Build.0 = Release|Any CPU
		{D7AB4AE3-3D02-40E8-9D52-A9CAFADFBE7D}.Debug|Any CPU.ActiveCfg = Debug|Any CPU
		{D7AB4AE3-3D02-40E8-9D52-A9CAFADFBE7D}.Debug|Any CPU.Build.0 = Debug|Any CPU
		{D7AB4AE3-3D02-40E8-9D52-A9CAFADFBE7D}.Release|Any CPU.ActiveCfg = Release|Any CPU
		{D7AB4AE3-3D02-40E8-9D52-A9CAFADFBE7D}.Release|Any CPU.Build.0 = Release|Any CPU
		{DD0B5D0D-7074-468C-BEB5-435E1C644625}.Debug|Any CPU.ActiveCfg = Debug|Any CPU
		{DD0B5D0D-7074-468C-BEB5-435E1C644625}.Debug|Any CPU.Build.0 = Debug|Any CPU
		{DD0B5D0D-7074-468C-BEB5-435E1C644625}.Release|Any CPU.ActiveCfg = Release|Any CPU
		{DD0B5D0D-7074-468C-BEB5-435E1C644625}.Release|Any CPU.Build.0 = Release|Any CPU
		{FF1EDA48-9F97-4BC3-B2BB-10377A2806D7}.Debug|Any CPU.ActiveCfg = Debug|Any CPU
		{FF1EDA48-9F97-4BC3-B2BB-10377A2806D7}.Debug|Any CPU.Build.0 = Debug|Any CPU
		{FF1EDA48-9F97-4BC3-B2BB-10377A2806D7}.Release|Any CPU.ActiveCfg = Release|Any CPU
		{FF1EDA48-9F97-4BC3-B2BB-10377A2806D7}.Release|Any CPU.Build.0 = Release|Any CPU
		{2D251760-79A5-4469-90FE-6F63E0518EE3}.Debug|Any CPU.ActiveCfg = Debug|Any CPU
		{2D251760-79A5-4469-90FE-6F63E0518EE3}.Debug|Any CPU.Build.0 = Debug|Any CPU
		{2D251760-79A5-4469-90FE-6F63E0518EE3}.Release|Any CPU.ActiveCfg = Release|Any CPU
		{2D251760-79A5-4469-90FE-6F63E0518EE3}.Release|Any CPU.Build.0 = Release|Any CPU
		{D8F4E905-4155-471A-B631-5184E7AF6B69}.Debug|Any CPU.ActiveCfg = Debug|Any CPU
		{D8F4E905-4155-471A-B631-5184E7AF6B69}.Debug|Any CPU.Build.0 = Debug|Any CPU
		{D8F4E905-4155-471A-B631-5184E7AF6B69}.Release|Any CPU.ActiveCfg = Release|Any CPU
		{D8F4E905-4155-471A-B631-5184E7AF6B69}.Release|Any CPU.Build.0 = Release|Any CPU
		{AD07AEE9-26B7-44BF-85D8-CAD8C2AC45F2}.Debug|Any CPU.ActiveCfg = Debug|Any CPU
		{AD07AEE9-26B7-44BF-85D8-CAD8C2AC45F2}.Debug|Any CPU.Build.0 = Debug|Any CPU
		{AD07AEE9-26B7-44BF-85D8-CAD8C2AC45F2}.Release|Any CPU.ActiveCfg = Release|Any CPU
		{AD07AEE9-26B7-44BF-85D8-CAD8C2AC45F2}.Release|Any CPU.Build.0 = Release|Any CPU
		{587CA803-5464-4A56-9195-EA08DB3E7284}.Debug|Any CPU.ActiveCfg = Debug|Any CPU
		{587CA803-5464-4A56-9195-EA08DB3E7284}.Debug|Any CPU.Build.0 = Debug|Any CPU
		{587CA803-5464-4A56-9195-EA08DB3E7284}.Release|Any CPU.ActiveCfg = Release|Any CPU
		{587CA803-5464-4A56-9195-EA08DB3E7284}.Release|Any CPU.Build.0 = Release|Any CPU
		{8CB9FCE7-F040-4D09-ABEB-03C81AFCBE76}.Debug|Any CPU.ActiveCfg = Debug|Any CPU
		{8CB9FCE7-F040-4D09-ABEB-03C81AFCBE76}.Debug|Any CPU.Build.0 = Debug|Any CPU
		{8CB9FCE7-F040-4D09-ABEB-03C81AFCBE76}.Release|Any CPU.ActiveCfg = Release|Any CPU
		{8CB9FCE7-F040-4D09-ABEB-03C81AFCBE76}.Release|Any CPU.Build.0 = Release|Any CPU
		{3998F0A9-B1DB-4A91-8358-C24C3EF3C975}.Debug|Any CPU.ActiveCfg = Debug|Any CPU
		{3998F0A9-B1DB-4A91-8358-C24C3EF3C975}.Debug|Any CPU.Build.0 = Debug|Any CPU
		{3998F0A9-B1DB-4A91-8358-C24C3EF3C975}.Release|Any CPU.ActiveCfg = Release|Any CPU
		{3998F0A9-B1DB-4A91-8358-C24C3EF3C975}.Release|Any CPU.Build.0 = Release|Any CPU
		{F06228EB-FCA4-442F-85F9-BD1BFA7A5F52}.Debug|Any CPU.ActiveCfg = Debug|Any CPU
		{F06228EB-FCA4-442F-85F9-BD1BFA7A5F52}.Debug|Any CPU.Build.0 = Debug|Any CPU
		{F06228EB-FCA4-442F-85F9-BD1BFA7A5F52}.Release|Any CPU.ActiveCfg = Release|Any CPU
		{F06228EB-FCA4-442F-85F9-BD1BFA7A5F52}.Release|Any CPU.Build.0 = Release|Any CPU
		{FDD8D408-38DC-4219-94B6-EDB09C0F38FD}.Debug|Any CPU.ActiveCfg = Debug|Any CPU
		{FDD8D408-38DC-4219-94B6-EDB09C0F38FD}.Debug|Any CPU.Build.0 = Debug|Any CPU
		{FDD8D408-38DC-4219-94B6-EDB09C0F38FD}.Release|Any CPU.ActiveCfg = Release|Any CPU
		{FDD8D408-38DC-4219-94B6-EDB09C0F38FD}.Release|Any CPU.Build.0 = Release|Any CPU
		{14144C0D-7B2C-4266-9D1B-A12B00B34F3A}.Debug|Any CPU.ActiveCfg = Debug|Any CPU
		{14144C0D-7B2C-4266-9D1B-A12B00B34F3A}.Debug|Any CPU.Build.0 = Debug|Any CPU
		{14144C0D-7B2C-4266-9D1B-A12B00B34F3A}.Release|Any CPU.ActiveCfg = Release|Any CPU
		{14144C0D-7B2C-4266-9D1B-A12B00B34F3A}.Release|Any CPU.Build.0 = Release|Any CPU
		{4621D527-46C0-4EF4-AB17-2107D1E4D96F}.Debug|Any CPU.ActiveCfg = Debug|Any CPU
		{4621D527-46C0-4EF4-AB17-2107D1E4D96F}.Debug|Any CPU.Build.0 = Debug|Any CPU
		{4621D527-46C0-4EF4-AB17-2107D1E4D96F}.Release|Any CPU.ActiveCfg = Release|Any CPU
		{4621D527-46C0-4EF4-AB17-2107D1E4D96F}.Release|Any CPU.Build.0 = Release|Any CPU
		{25288797-8A80-4B16-B98C-87A1EAE36BF2}.Debug|Any CPU.ActiveCfg = Debug|Any CPU
		{25288797-8A80-4B16-B98C-87A1EAE36BF2}.Debug|Any CPU.Build.0 = Debug|Any CPU
		{25288797-8A80-4B16-B98C-87A1EAE36BF2}.Release|Any CPU.ActiveCfg = Release|Any CPU
		{25288797-8A80-4B16-B98C-87A1EAE36BF2}.Release|Any CPU.Build.0 = Release|Any CPU
		{76EEDEEC-4D30-4230-A20F-6EA26EBF97C0}.Debug|Any CPU.ActiveCfg = Debug|Any CPU
		{76EEDEEC-4D30-4230-A20F-6EA26EBF97C0}.Debug|Any CPU.Build.0 = Debug|Any CPU
		{76EEDEEC-4D30-4230-A20F-6EA26EBF97C0}.Release|Any CPU.ActiveCfg = Release|Any CPU
		{76EEDEEC-4D30-4230-A20F-6EA26EBF97C0}.Release|Any CPU.Build.0 = Release|Any CPU
		{D653BCCA-2A71-4C93-89F8-19F1FEBBDA7C}.Debug|Any CPU.ActiveCfg = Debug|Any CPU
		{D653BCCA-2A71-4C93-89F8-19F1FEBBDA7C}.Debug|Any CPU.Build.0 = Debug|Any CPU
		{D653BCCA-2A71-4C93-89F8-19F1FEBBDA7C}.Release|Any CPU.ActiveCfg = Release|Any CPU
		{D653BCCA-2A71-4C93-89F8-19F1FEBBDA7C}.Release|Any CPU.Build.0 = Release|Any CPU
		{86E71881-7C1D-4A78-B612-39E27878528B}.Debug|Any CPU.ActiveCfg = Debug|Any CPU
		{86E71881-7C1D-4A78-B612-39E27878528B}.Debug|Any CPU.Build.0 = Debug|Any CPU
		{86E71881-7C1D-4A78-B612-39E27878528B}.Release|Any CPU.ActiveCfg = Release|Any CPU
		{86E71881-7C1D-4A78-B612-39E27878528B}.Release|Any CPU.Build.0 = Release|Any CPU
		{64FF7F22-547D-428C-9BBD-8A7F0F040A5C}.Debug|Any CPU.ActiveCfg = Debug|Any CPU
		{64FF7F22-547D-428C-9BBD-8A7F0F040A5C}.Debug|Any CPU.Build.0 = Debug|Any CPU
		{64FF7F22-547D-428C-9BBD-8A7F0F040A5C}.Release|Any CPU.ActiveCfg = Release|Any CPU
		{64FF7F22-547D-428C-9BBD-8A7F0F040A5C}.Release|Any CPU.Build.0 = Release|Any CPU
		{40F996A0-0647-4D94-933E-83DC78A6D9B9}.Debug|Any CPU.ActiveCfg = Debug|Any CPU
		{40F996A0-0647-4D94-933E-83DC78A6D9B9}.Debug|Any CPU.Build.0 = Debug|Any CPU
		{40F996A0-0647-4D94-933E-83DC78A6D9B9}.Release|Any CPU.ActiveCfg = Release|Any CPU
		{40F996A0-0647-4D94-933E-83DC78A6D9B9}.Release|Any CPU.Build.0 = Release|Any CPU
		{D69F0EB6-659D-430D-B33E-356F5F4F5E5C}.Debug|Any CPU.ActiveCfg = Debug|Any CPU
		{D69F0EB6-659D-430D-B33E-356F5F4F5E5C}.Debug|Any CPU.Build.0 = Debug|Any CPU
		{D69F0EB6-659D-430D-B33E-356F5F4F5E5C}.Release|Any CPU.ActiveCfg = Release|Any CPU
		{D69F0EB6-659D-430D-B33E-356F5F4F5E5C}.Release|Any CPU.Build.0 = Release|Any CPU
		{DE149AE5-215E-4C0D-A0DD-7F155DD92959}.Debug|Any CPU.ActiveCfg = Debug|Any CPU
		{DE149AE5-215E-4C0D-A0DD-7F155DD92959}.Debug|Any CPU.Build.0 = Debug|Any CPU
		{DE149AE5-215E-4C0D-A0DD-7F155DD92959}.Release|Any CPU.ActiveCfg = Release|Any CPU
		{DE149AE5-215E-4C0D-A0DD-7F155DD92959}.Release|Any CPU.Build.0 = Release|Any CPU
		{9D1008BD-8292-42DC-B39B-AEA871E76EBE}.Debug|Any CPU.ActiveCfg = Debug|Any CPU
		{9D1008BD-8292-42DC-B39B-AEA871E76EBE}.Debug|Any CPU.Build.0 = Debug|Any CPU
		{9D1008BD-8292-42DC-B39B-AEA871E76EBE}.Release|Any CPU.ActiveCfg = Release|Any CPU
		{9D1008BD-8292-42DC-B39B-AEA871E76EBE}.Release|Any CPU.Build.0 = Release|Any CPU
		{0FAA1B71-2A1E-4A74-B323-159C8302CAB4}.Debug|Any CPU.ActiveCfg = Debug|Any CPU
		{0FAA1B71-2A1E-4A74-B323-159C8302CAB4}.Debug|Any CPU.Build.0 = Debug|Any CPU
		{0FAA1B71-2A1E-4A74-B323-159C8302CAB4}.Release|Any CPU.ActiveCfg = Release|Any CPU
		{0FAA1B71-2A1E-4A74-B323-159C8302CAB4}.Release|Any CPU.Build.0 = Release|Any CPU
		{1E54D11B-99D4-4E2C-963B-750283E1CF10}.Debug|Any CPU.ActiveCfg = Debug|Any CPU
		{1E54D11B-99D4-4E2C-963B-750283E1CF10}.Debug|Any CPU.Build.0 = Debug|Any CPU
		{1E54D11B-99D4-4E2C-963B-750283E1CF10}.Release|Any CPU.ActiveCfg = Release|Any CPU
		{1E54D11B-99D4-4E2C-963B-750283E1CF10}.Release|Any CPU.Build.0 = Release|Any CPU
		{6DADEE73-E34F-44C3-9D32-3D609B2F23B5}.Debug|Any CPU.ActiveCfg = Debug|Any CPU
		{6DADEE73-E34F-44C3-9D32-3D609B2F23B5}.Debug|Any CPU.Build.0 = Debug|Any CPU
		{6DADEE73-E34F-44C3-9D32-3D609B2F23B5}.Release|Any CPU.ActiveCfg = Release|Any CPU
		{6DADEE73-E34F-44C3-9D32-3D609B2F23B5}.Release|Any CPU.Build.0 = Release|Any CPU
		{ABEE22C1-7C08-4F67-81F8-DB38A0416964}.Debug|Any CPU.ActiveCfg = Debug|Any CPU
		{ABEE22C1-7C08-4F67-81F8-DB38A0416964}.Debug|Any CPU.Build.0 = Debug|Any CPU
		{ABEE22C1-7C08-4F67-81F8-DB38A0416964}.Release|Any CPU.ActiveCfg = Release|Any CPU
		{ABEE22C1-7C08-4F67-81F8-DB38A0416964}.Release|Any CPU.Build.0 = Release|Any CPU
	EndGlobalSection
	GlobalSection(SolutionProperties) = preSolution
		HideSolutionNode = FALSE
	EndGlobalSection
	GlobalSection(NestedProjects) = preSolution
		{7388D390-6E97-4F0B-A68D-7D230D5ED78B} = {BAD1D4C7-7B53-4182-B892-BC420078C177}
		{B94566BA-E99B-4F75-AC30-69B977C40FE7} = {BAD1D4C7-7B53-4182-B892-BC420078C177}
		{11F68994-2A89-4346-A0B3-E0FAEA0AB8F1} = {BAD1D4C7-7B53-4182-B892-BC420078C177}
		{A9308D47-5F9D-4FF0-8111-75DBABBE6926} = {BAD1D4C7-7B53-4182-B892-BC420078C177}
		{4EA72EBD-1DDB-4039-BD4E-1ACC38DBBEF1} = {62B253BB-7EEB-485B-80C9-A8287BD9C8FE}
		{62B253BB-7EEB-485B-80C9-A8287BD9C8FE} = {B94566BA-E99B-4F75-AC30-69B977C40FE7}
		{1FD1AFB8-B1D8-406F-B9DA-FA67012D086A} = {B94566BA-E99B-4F75-AC30-69B977C40FE7}
		{5F76EDA4-BD1F-4011-ACDC-4046FE0E6990} = {B94566BA-E99B-4F75-AC30-69B977C40FE7}
		{B190D923-C81A-4A0A-BF62-606E784A14E6} = {B94566BA-E99B-4F75-AC30-69B977C40FE7}
		{932F465F-4DA5-4C2E-83AE-B3B1CBF03584} = {B190D923-C81A-4A0A-BF62-606E784A14E6}
		{5079AD4E-D4C7-4F79-9120-CE1FC2B8D87E} = {5F76EDA4-BD1F-4011-ACDC-4046FE0E6990}
		{C60D4526-F5F9-4F7D-8C1A-6B66595BB438} = {1FD1AFB8-B1D8-406F-B9DA-FA67012D086A}
		{BC84A1F7-9A8D-4153-985A-BA80A1F081AB} = {BAD1D4C7-7B53-4182-B892-BC420078C177}
		{D1440C8F-0B79-4562-A586-04BD243E3084} = {BC84A1F7-9A8D-4153-985A-BA80A1F081AB}
		{BCAA0A20-7A4C-4CF1-8F40-4126F8EC1DD7} = {BC84A1F7-9A8D-4153-985A-BA80A1F081AB}
		{D7AB4AE3-3D02-40E8-9D52-A9CAFADFBE7D} = {BC84A1F7-9A8D-4153-985A-BA80A1F081AB}
		{DD0B5D0D-7074-468C-BEB5-435E1C644625} = {1FD1AFB8-B1D8-406F-B9DA-FA67012D086A}
		{82F55772-EC5E-45E2-A448-3EC7C1ADF84C} = {B94566BA-E99B-4F75-AC30-69B977C40FE7}
		{FF1EDA48-9F97-4BC3-B2BB-10377A2806D7} = {82F55772-EC5E-45E2-A448-3EC7C1ADF84C}
		{2D251760-79A5-4469-90FE-6F63E0518EE3} = {DDC25DE7-685A-467A-A435-F910927AC004}
		{B19C4314-8742-4D5A-83AA-DFFDAEDE56F1} = {B94566BA-E99B-4F75-AC30-69B977C40FE7}
		{D8F4E905-4155-471A-B631-5184E7AF6B69} = {B19C4314-8742-4D5A-83AA-DFFDAEDE56F1}
		{9FEAB973-54CC-461D-8324-BC66ACEB2D35} = {11F68994-2A89-4346-A0B3-E0FAEA0AB8F1}
		{C7C0AC69-935D-4FD2-AD54-C56AA732C6E6} = {11F68994-2A89-4346-A0B3-E0FAEA0AB8F1}
		{00280A69-C0CC-45B2-8759-5BBC8227C79D} = {11F68994-2A89-4346-A0B3-E0FAEA0AB8F1}
		{15ADDE58-9C95-4DB7-8333-3BF60C601F15} = {11F68994-2A89-4346-A0B3-E0FAEA0AB8F1}
		{2FBFCAE3-9B9F-4102-AC7D-4AC38CF723D1} = {11F68994-2A89-4346-A0B3-E0FAEA0AB8F1}
		{F1D5A9DF-B63C-40BE-A941-25C3783D75FB} = {11F68994-2A89-4346-A0B3-E0FAEA0AB8F1}
		{AD07AEE9-26B7-44BF-85D8-CAD8C2AC45F2} = {15ADDE58-9C95-4DB7-8333-3BF60C601F15}
		{587CA803-5464-4A56-9195-EA08DB3E7284} = {9FEAB973-54CC-461D-8324-BC66ACEB2D35}
		{8CB9FCE7-F040-4D09-ABEB-03C81AFCBE76} = {00280A69-C0CC-45B2-8759-5BBC8227C79D}
		{3998F0A9-B1DB-4A91-8358-C24C3EF3C975} = {C7C0AC69-935D-4FD2-AD54-C56AA732C6E6}
		{F06228EB-FCA4-442F-85F9-BD1BFA7A5F52} = {C7C0AC69-935D-4FD2-AD54-C56AA732C6E6}
		{FDD8D408-38DC-4219-94B6-EDB09C0F38FD} = {F1D5A9DF-B63C-40BE-A941-25C3783D75FB}
		{781FEB5E-43A0-40DA-8578-8E6B00110A4B} = {A9308D47-5F9D-4FF0-8111-75DBABBE6926}
		{A3975FBA-E088-48C2-961D-6145F296FBB9} = {A9308D47-5F9D-4FF0-8111-75DBABBE6926}
		{74554CFD-08EE-4380-BFB7-E8449D095988} = {A9308D47-5F9D-4FF0-8111-75DBABBE6926}
		{7D573236-B585-4C81-8A83-25A3A99CED25} = {A9308D47-5F9D-4FF0-8111-75DBABBE6926}
		{D700125B-ACA7-461B-894D-58AD07684D39} = {A9308D47-5F9D-4FF0-8111-75DBABBE6926}
		{DE7635D6-25CA-4C6F-AEAF-7C004F5A0DC0} = {A9308D47-5F9D-4FF0-8111-75DBABBE6926}
		{14144C0D-7B2C-4266-9D1B-A12B00B34F3A} = {7D573236-B585-4C81-8A83-25A3A99CED25}
		{4621D527-46C0-4EF4-AB17-2107D1E4D96F} = {D700125B-ACA7-461B-894D-58AD07684D39}
		{25288797-8A80-4B16-B98C-87A1EAE36BF2} = {781FEB5E-43A0-40DA-8578-8E6B00110A4B}
		{76EEDEEC-4D30-4230-A20F-6EA26EBF97C0} = {74554CFD-08EE-4380-BFB7-E8449D095988}
		{D653BCCA-2A71-4C93-89F8-19F1FEBBDA7C} = {A3975FBA-E088-48C2-961D-6145F296FBB9}
		{86E71881-7C1D-4A78-B612-39E27878528B} = {DDC25DE7-685A-467A-A435-F910927AC004}
		{64FF7F22-547D-428C-9BBD-8A7F0F040A5C} = {A3975FBA-E088-48C2-961D-6145F296FBB9}
		{40F996A0-0647-4D94-933E-83DC78A6D9B9} = {A3975FBA-E088-48C2-961D-6145F296FBB9}
		{A9CBF832-5ED2-4408-AC7F-691B10497B87} = {B94566BA-E99B-4F75-AC30-69B977C40FE7}
		{D69F0EB6-659D-430D-B33E-356F5F4F5E5C} = {A9CBF832-5ED2-4408-AC7F-691B10497B87}
		{DE149AE5-215E-4C0D-A0DD-7F155DD92959} = {1FD1AFB8-B1D8-406F-B9DA-FA67012D086A}
		{50D9C446-4B13-44D5-B7B5-98A0D9D92141} = {7388D390-6E97-4F0B-A68D-7D230D5ED78B}
		{A829F5A7-2564-410B-8B69-797B652D5FF9} = {7388D390-6E97-4F0B-A68D-7D230D5ED78B}
		{397A002C-48B4-4B73-AAEE-747E1C71DF2E} = {7388D390-6E97-4F0B-A68D-7D230D5ED78B}
		{866C7D60-30F8-4CA5-B21B-900F05D86CDA} = {7388D390-6E97-4F0B-A68D-7D230D5ED78B}
		{94DDEBC4-DF24-4264-92DE-18118C0C3440} = {7388D390-6E97-4F0B-A68D-7D230D5ED78B}
		{9D1008BD-8292-42DC-B39B-AEA871E76EBE} = {94DDEBC4-DF24-4264-92DE-18118C0C3440}
		{0FAA1B71-2A1E-4A74-B323-159C8302CAB4} = {397A002C-48B4-4B73-AAEE-747E1C71DF2E}
		{1E54D11B-99D4-4E2C-963B-750283E1CF10} = {50D9C446-4B13-44D5-B7B5-98A0D9D92141}
		{6DADEE73-E34F-44C3-9D32-3D609B2F23B5} = {A829F5A7-2564-410B-8B69-797B652D5FF9}
		{ABEE22C1-7C08-4F67-81F8-DB38A0416964} = {A829F5A7-2564-410B-8B69-797B652D5FF9}
	EndGlobalSection
	GlobalSection(ExtensibilityGlobals) = postSolution
		SolutionGuid = {7B36EF1D-76EB-4751-B201-475134D18027}
	EndGlobalSection
	GlobalSection(MonoDevelopProperties) = preSolution
		Policies = $0
		$0.StandardHeader = $1
	EndGlobalSection
EndGlobal
