
Microsoft Visual Studio Solution File, Format Version 12.00
# Visual Studio Version 16
VisualStudioVersion = 25.0.1703.0
MinimumVisualStudioVersion = 10.0.40219.1
Project("{2150E333-8FDC-42A3-9474-1A3956D46DE8}") = "01. Clients", "01. Clients", "{C41242B1-F171-4591-BBBB-11E11A5DE9B4}"
EndProject
Project("{2150E333-8FDC-42A3-9474-1A3956D46DE8}") = "02. Api.Gateways", "02. Api.Gateways", "{0CB49704-16C8-40BA-98FE-94B4E94B3D28}"
EndProject
Project("{2150E333-8FDC-42A3-9474-1A3956D46DE8}") = "03. Services", "03. Services", "{BAD1D4C7-7B53-4182-B892-BC420078C177}"
EndProject
Project("{2150E333-8FDC-42A3-9474-1A3956D46DE8}") = "01. Identity", "01. Identity", "{7388D390-6E97-4F0B-A68D-7D230D5ED78B}"
EndProject
Project("{2150E333-8FDC-42A3-9474-1A3956D46DE8}") = "02. Catalog", "02. Catalog", "{B94566BA-E99B-4F75-AC30-69B977C40FE7}"
EndProject
Project("{2150E333-8FDC-42A3-9474-1A3956D46DE8}") = "03. Customer", "03. Customer", "{11F68994-2A89-4346-A0B3-E0FAEA0AB8F1}"
EndProject
Project("{2150E333-8FDC-42A3-9474-1A3956D46DE8}") = "04. Order", "04. Order", "{A9308D47-5F9D-4FF0-8111-75DBABBE6926}"
EndProject
Project("{FAE04EC0-301F-11D3-BF4B-00C04F79EFBC}") = "Catalog.Api", "Services\Catalog\Catalog.Api\Catalog.Api.csproj", "{4EA72EBD-1DDB-4039-BD4E-1ACC38DBBEF1}"
EndProject
Project("{2150E333-8FDC-42A3-9474-1A3956D46DE8}") = "01. API", "01. API", "{62B253BB-7EEB-485B-80C9-A8287BD9C8FE}"
EndProject
Project("{2150E333-8FDC-42A3-9474-1A3956D46DE8}") = "02. Services", "02. Services", "{1FD1AFB8-B1D8-406F-B9DA-FA67012D086A}"
EndProject
Project("{2150E333-8FDC-42A3-9474-1A3956D46DE8}") = "03. Persistence", "03. Persistence", "{5F76EDA4-BD1F-4011-ACDC-4046FE0E6990}"
EndProject
Project("{2150E333-8FDC-42A3-9474-1A3956D46DE8}") = "04. Models", "04. Models", "{B190D923-C81A-4A0A-BF62-606E784A14E6}"
EndProject
Project("{FAE04EC0-301F-11D3-BF4B-00C04F79EFBC}") = "Catalog.Domain", "Services\Catalog\Catalog.Domain\Catalog.Domain.csproj", "{932F465F-4DA5-4C2E-83AE-B3B1CBF03584}"
EndProject
Project("{FAE04EC0-301F-11D3-BF4B-00C04F79EFBC}") = "Catalog.Persistence.Database", "Services\Catalog\Catalog.Persistence.Database\Catalog.Persistence.Database.csproj", "{5079AD4E-D4C7-4F79-9120-CE1FC2B8D87E}"
EndProject
Project("{2150E333-8FDC-42A3-9474-1A3956D46DE8}") = "99. Documentation", "99. Documentation", "{8BBCA22D-B64F-4483-AE11-D335246F670D}"
	ProjectSection(SolutionItems) = preProject
		..\README.md = ..\README.md
	EndProjectSection
EndProject
Project("{FAE04EC0-301F-11D3-BF4B-00C04F79EFBC}") = "Catalog.Service.Queries", "Services\Catalog\Catalog.Service.Queries\Catalog.Service.Queries.csproj", "{C60D4526-F5F9-4F7D-8C1A-6B66595BB438}"
EndProject
Project("{2150E333-8FDC-42A3-9474-1A3956D46DE8}") = "Common", "Common", "{BC84A1F7-9A8D-4153-985A-BA80A1F081AB}"
EndProject
Project("{FAE04EC0-301F-11D3-BF4B-00C04F79EFBC}") = "Service.Common.Collection", "Services\Common\Service.Common.Collection\Service.Common.Collection.csproj", "{D1440C8F-0B79-4562-A586-04BD243E3084}"
EndProject
Project("{FAE04EC0-301F-11D3-BF4B-00C04F79EFBC}") = "Service.Common.Mapping", "Services\Common\Service.Common.Mapping\Service.Common.Mapping.csproj", "{BCAA0A20-7A4C-4CF1-8F40-4126F8EC1DD7}"
EndProject
Project("{FAE04EC0-301F-11D3-BF4B-00C04F79EFBC}") = "Service.Common.Paging", "Services\Common\Service.Common.Paging\Service.Common.Paging.csproj", "{D7AB4AE3-3D02-40E8-9D52-A9CAFADFBE7D}"
EndProject
Project("{FAE04EC0-301F-11D3-BF4B-00C04F79EFBC}") = "Catalog.Service.EventHandlers", "Services\Catalog\Catalog.Service.EventHandlers\Catalog.Service.EventHandlers.csproj", "{DD0B5D0D-7074-468C-BEB5-435E1C644625}"
EndProject
Global
	GlobalSection(SolutionConfigurationPlatforms) = preSolution
		Debug|Any CPU = Debug|Any CPU
		Release|Any CPU = Release|Any CPU
	EndGlobalSection
	GlobalSection(ProjectConfigurationPlatforms) = postSolution
		{4EA72EBD-1DDB-4039-BD4E-1ACC38DBBEF1}.Debug|Any CPU.ActiveCfg = Debug|Any CPU
		{4EA72EBD-1DDB-4039-BD4E-1ACC38DBBEF1}.Debug|Any CPU.Build.0 = Debug|Any CPU
		{4EA72EBD-1DDB-4039-BD4E-1ACC38DBBEF1}.Release|Any CPU.ActiveCfg = Release|Any CPU
		{4EA72EBD-1DDB-4039-BD4E-1ACC38DBBEF1}.Release|Any CPU.Build.0 = Release|Any CPU
		{932F465F-4DA5-4C2E-83AE-B3B1CBF03584}.Debug|Any CPU.ActiveCfg = Debug|Any CPU
		{932F465F-4DA5-4C2E-83AE-B3B1CBF03584}.Debug|Any CPU.Build.0 = Debug|Any CPU
		{932F465F-4DA5-4C2E-83AE-B3B1CBF03584}.Release|Any CPU.ActiveCfg = Release|Any CPU
		{932F465F-4DA5-4C2E-83AE-B3B1CBF03584}.Release|Any CPU.Build.0 = Release|Any CPU
		{5079AD4E-D4C7-4F79-9120-CE1FC2B8D87E}.Debug|Any CPU.ActiveCfg = Debug|Any CPU
		{5079AD4E-D4C7-4F79-9120-CE1FC2B8D87E}.Debug|Any CPU.Build.0 = Debug|Any CPU
		{5079AD4E-D4C7-4F79-9120-CE1FC2B8D87E}.Release|Any CPU.ActiveCfg = Release|Any CPU
		{5079AD4E-D4C7-4F79-9120-CE1FC2B8D87E}.Release|Any CPU.Build.0 = Release|Any CPU
		{C60D4526-F5F9-4F7D-8C1A-6B66595BB438}.Debug|Any CPU.ActiveCfg = Debug|Any CPU
		{C60D4526-F5F9-4F7D-8C1A-6B66595BB438}.Debug|Any CPU.Build.0 = Debug|Any CPU
		{C60D4526-F5F9-4F7D-8C1A-6B66595BB438}.Release|Any CPU.ActiveCfg = Release|Any CPU
		{C60D4526-F5F9-4F7D-8C1A-6B66595BB438}.Release|Any CPU.Build.0 = Release|Any CPU
		{D1440C8F-0B79-4562-A586-04BD243E3084}.Debug|Any CPU.ActiveCfg = Debug|Any CPU
		{D1440C8F-0B79-4562-A586-04BD243E3084}.Debug|Any CPU.Build.0 = Debug|Any CPU
		{D1440C8F-0B79-4562-A586-04BD243E3084}.Release|Any CPU.ActiveCfg = Release|Any CPU
		{D1440C8F-0B79-4562-A586-04BD243E3084}.Release|Any CPU.Build.0 = Release|Any CPU
		{BCAA0A20-7A4C-4CF1-8F40-4126F8EC1DD7}.Debug|Any CPU.ActiveCfg = Debug|Any CPU
		{BCAA0A20-7A4C-4CF1-8F40-4126F8EC1DD7}.Debug|Any CPU.Build.0 = Debug|Any CPU
		{BCAA0A20-7A4C-4CF1-8F40-4126F8EC1DD7}.Release|Any CPU.ActiveCfg = Release|Any CPU
		{BCAA0A20-7A4C-4CF1-8F40-4126F8EC1DD7}.Release|Any CPU.Build.0 = Release|Any CPU
		{D7AB4AE3-3D02-40E8-9D52-A9CAFADFBE7D}.Debug|Any CPU.ActiveCfg = Debug|Any CPU
		{D7AB4AE3-3D02-40E8-9D52-A9CAFADFBE7D}.Debug|Any CPU.Build.0 = Debug|Any CPU
		{D7AB4AE3-3D02-40E8-9D52-A9CAFADFBE7D}.Release|Any CPU.ActiveCfg = Release|Any CPU
		{D7AB4AE3-3D02-40E8-9D52-A9CAFADFBE7D}.Release|Any CPU.Build.0 = Release|Any CPU
		{DD0B5D0D-7074-468C-BEB5-435E1C644625}.Debug|Any CPU.ActiveCfg = Debug|Any CPU
		{DD0B5D0D-7074-468C-BEB5-435E1C644625}.Debug|Any CPU.Build.0 = Debug|Any CPU
		{DD0B5D0D-7074-468C-BEB5-435E1C644625}.Release|Any CPU.ActiveCfg = Release|Any CPU
		{DD0B5D0D-7074-468C-BEB5-435E1C644625}.Release|Any CPU.Build.0 = Release|Any CPU
	EndGlobalSection
	GlobalSection(SolutionProperties) = preSolution
		HideSolutionNode = FALSE
	EndGlobalSection
	GlobalSection(ExtensibilityGlobals) = postSolution
		SolutionGuid = {7B36EF1D-76EB-4751-B201-475134D18027}
	EndGlobalSection
	GlobalSection(NestedProjects) = preSolution
		{7388D390-6E97-4F0B-A68D-7D230D5ED78B} = {BAD1D4C7-7B53-4182-B892-BC420078C177}
		{B94566BA-E99B-4F75-AC30-69B977C40FE7} = {BAD1D4C7-7B53-4182-B892-BC420078C177}
		{11F68994-2A89-4346-A0B3-E0FAEA0AB8F1} = {BAD1D4C7-7B53-4182-B892-BC420078C177}
		{A9308D47-5F9D-4FF0-8111-75DBABBE6926} = {BAD1D4C7-7B53-4182-B892-BC420078C177}
		{4EA72EBD-1DDB-4039-BD4E-1ACC38DBBEF1} = {62B253BB-7EEB-485B-80C9-A8287BD9C8FE}
		{62B253BB-7EEB-485B-80C9-A8287BD9C8FE} = {B94566BA-E99B-4F75-AC30-69B977C40FE7}
		{1FD1AFB8-B1D8-406F-B9DA-FA67012D086A} = {B94566BA-E99B-4F75-AC30-69B977C40FE7}
		{5F76EDA4-BD1F-4011-ACDC-4046FE0E6990} = {B94566BA-E99B-4F75-AC30-69B977C40FE7}
		{B190D923-C81A-4A0A-BF62-606E784A14E6} = {B94566BA-E99B-4F75-AC30-69B977C40FE7}
		{932F465F-4DA5-4C2E-83AE-B3B1CBF03584} = {B190D923-C81A-4A0A-BF62-606E784A14E6}
		{5079AD4E-D4C7-4F79-9120-CE1FC2B8D87E} = {5F76EDA4-BD1F-4011-ACDC-4046FE0E6990}
		{C60D4526-F5F9-4F7D-8C1A-6B66595BB438} = {1FD1AFB8-B1D8-406F-B9DA-FA67012D086A}
		{BC84A1F7-9A8D-4153-985A-BA80A1F081AB} = {BAD1D4C7-7B53-4182-B892-BC420078C177}
		{D1440C8F-0B79-4562-A586-04BD243E3084} = {BC84A1F7-9A8D-4153-985A-BA80A1F081AB}
		{BCAA0A20-7A4C-4CF1-8F40-4126F8EC1DD7} = {BC84A1F7-9A8D-4153-985A-BA80A1F081AB}
		{D7AB4AE3-3D02-40E8-9D52-A9CAFADFBE7D} = {BC84A1F7-9A8D-4153-985A-BA80A1F081AB}
		{DD0B5D0D-7074-468C-BEB5-435E1C644625} = {1FD1AFB8-B1D8-406F-B9DA-FA67012D086A}
	EndGlobalSection
EndGlobal
